
Microsoft Visual Studio Solution File, Format Version 12.00
# Visual Studio 15
VisualStudioVersion = 15.0.28307.438
MinimumVisualStudioVersion = 10.0.40219.1
Project("{8BC9CEB8-8B4A-11D0-8D11-00A0C91BC942}") = "Exercise3", "CppConsoleApplication1\CppConsoleApplication1.vcxproj", "{DAE425C5-A75D-47A7-B349-C9F3D839A80C}"
EndProject
Project("{8BC9CEB8-8B4A-11D0-8D11-00A0C91BC942}") = "Exercise1", "Exercise1\Exercise1.vcxproj", "{03C18422-B665-4A07-899E-5CC0AEE7C78F}"
EndProject
Global
	GlobalSection(SolutionConfigurationPlatforms) = preSolution
		Debug|x64 = Debug|x64
		Debug|x86 = Debug|x86
		Release|x64 = Release|x64
		Release|x86 = Release|x86
	EndGlobalSection
	GlobalSection(ProjectConfigurationPlatforms) = postSolution
		{DAE425C5-A75D-47A7-B349-C9F3D839A80C}.Debug|x64.ActiveCfg = Debug|x64
		{DAE425C5-A75D-47A7-B349-C9F3D839A80C}.Debug|x64.Build.0 = Debug|x64
		{DAE425C5-A75D-47A7-B349-C9F3D839A80C}.Debug|x86.ActiveCfg = Debug|Win32
		{DAE425C5-A75D-47A7-B349-C9F3D839A80C}.Debug|x86.Build.0 = Debug|Win32
		{DAE425C5-A75D-47A7-B349-C9F3D839A80C}.Release|x64.ActiveCfg = Release|x64
		{DAE425C5-A75D-47A7-B349-C9F3D839A80C}.Release|x64.Build.0 = Release|x64
		{DAE425C5-A75D-47A7-B349-C9F3D839A80C}.Release|x86.ActiveCfg = Release|Win32
		{DAE425C5-A75D-47A7-B349-C9F3D839A80C}.Release|x86.Build.0 = Release|Win32
		{03C18422-B665-4A07-899E-5CC0AEE7C78F}.Debug|x64.ActiveCfg = Debug|x64
		{03C18422-B665-4A07-899E-5CC0AEE7C78F}.Debug|x64.Build.0 = Debug|x64
		{03C18422-B665-4A07-899E-5CC0AEE7C78F}.Debug|x86.ActiveCfg = Debug|Win32
		{03C18422-B665-4A07-899E-5CC0AEE7C78F}.Debug|x86.Build.0 = Debug|Win32
		{03C18422-B665-4A07-899E-5CC0AEE7C78F}.Release|x64.ActiveCfg = Release|x64
		{03C18422-B665-4A07-899E-5CC0AEE7C78F}.Release|x64.Build.0 = Release|x64
		{03C18422-B665-4A07-899E-5CC0AEE7C78F}.Release|x86.ActiveCfg = Release|Win32
		{03C18422-B665-4A07-899E-5CC0AEE7C78F}.Release|x86.Build.0 = Release|Win32
	EndGlobalSection
	GlobalSection(SolutionProperties) = preSolution
		HideSolutionNode = FALSE
	EndGlobalSection
	GlobalSection(ExtensibilityGlobals) = postSolution
		SolutionGuid = {EC17FE24-CA1B-4FAD-95F9-F4E86696583B}
	EndGlobalSection
EndGlobal
